
Microsoft Visual Studio Solution File, Format Version 12.00
# Visual Studio Version 17
VisualStudioVersion = 17.6.33829.357
MinimumVisualStudioVersion = 10.0.40219.1
Project("{888888A0-9F3D-457C-B088-3A5042F75D52}") = "HW5", "HW5\HW5.pyproj", "{03DFEFD0-9B3E-4035-AC9D-CCDE62F408D3}"
EndProject
Global
	GlobalSection(SolutionConfigurationPlatforms) = preSolution
		Debug|Any CPU = Debug|Any CPU
		Release|Any CPU = Release|Any CPU
	EndGlobalSection
	GlobalSection(ProjectConfigurationPlatforms) = postSolution
		{03DFEFD0-9B3E-4035-AC9D-CCDE62F408D3}.Debug|Any CPU.ActiveCfg = Debug|Any CPU
		{03DFEFD0-9B3E-4035-AC9D-CCDE62F408D3}.Release|Any CPU.ActiveCfg = Release|Any CPU
	EndGlobalSection
	GlobalSection(SolutionProperties) = preSolution
		HideSolutionNode = FALSE
	EndGlobalSection
	GlobalSection(ExtensibilityGlobals) = postSolution
		SolutionGuid = {AFA03869-6728-40BF-986B-91446FE93AB2}
	EndGlobalSection
EndGlobal
